Microsoft Visual Studio Solution File, Format Version 12.00
# Visual Studio 14
VisualStudioVersion = 14.0.25420.1
MinimumVisualStudioVersion = 10.0.40219.1
Project("{FAE04EC0-301F-11D3-BF4B-00C04F79EFBC}") = "osswReactNative", "osswReactNative\osswReactNative.csproj", "{E3AFF824-619F-4450-8B6F-9CF32AA8CE91}"
	ProjectSection(ProjectDependencies) = postProject
		{CAF1766B-723A-4655-BCF7-DB2E75F27013} = {CAF1766B-723A-4655-BCF7-DB2E75F27013}
	EndProjectSection
EndProject
Project("{FAE04EC0-301F-11D3-BF4B-00C04F79EFBC}") = "ReactNative", "..\node_modules\react-native-windows\ReactWindows\ReactNative\ReactNative.csproj", "{C7673AD5-E3AA-468C-A5FD-FA38154E205C}"
EndProject
Project("{FAE04EC0-301F-11D3-BF4B-00C04F79EFBC}") = "BleManager", "BleManager\BleManager.csproj", "{CAF1766B-723A-4655-BCF7-DB2E75F27013}"
EndProject
Project("{8BC9CEB8-8B4A-11D0-8D11-00A0C91BC942}") = "ChakraBridge", "..\node_modules\react-native-windows\ReactWindows\ChakraBridge\ChakraBridge.vcxproj", "{4B72C796-16D5-4E3A-81C0-3E36F531E578}"
EndProject
Project("{FAE04EC0-301F-11D3-BF4B-00C04F79EFBC}") = "FilePickerManager", "FilePickerManager\FilePickerManager.csproj", "{6DB0375B-B2F3-49AC-AD77-4A97AC418394}"
EndProject
Project("{FAE04EC0-301F-11D3-BF4B-00C04F79EFBC}") = "FSManager", "FSManager\FSManager.csproj", "{93A98120-470F-471C-A58F-29CB18576E80}"
EndProject
Project("{FAE04EC0-301F-11D3-BF4B-00C04F79EFBC}") = "ReduxDevTools", "ReduxDevTools\ReduxDevTools.csproj", "{0D0DB09E-DE14-41E8-AB75-333224E82FCE}"
EndProject
Project("{FAE04EC0-301F-11D3-BF4B-00C04F79EFBC}") = "OsswNative", "OsswNative\OsswNative.csproj", "{B509705B-1F4E-4526-B0A7-A34393192591}"
EndProject
Global
	GlobalSection(SolutionConfigurationPlatforms) = preSolution
		Debug|Any CPU = Debug|Any CPU
		Debug|ARM = Debug|ARM
		Debug|x64 = Debug|x64
		Debug|x86 = Debug|x86
		DebugBundle|Any CPU = DebugBundle|Any CPU
		DebugBundle|ARM = DebugBundle|ARM
		DebugBundle|x64 = DebugBundle|x64
		DebugBundle|x86 = DebugBundle|x86
		Release|Any CPU = Release|Any CPU
		Release|ARM = Release|ARM
		Release|x64 = Release|x64
		Release|x86 = Release|x86
		ReleaseBundle|Any CPU = ReleaseBundle|Any CPU
		ReleaseBundle|ARM = ReleaseBundle|ARM
		ReleaseBundle|x64 = ReleaseBundle|x64
		ReleaseBundle|x86 = ReleaseBundle|x86
	EndGlobalSection
	GlobalSection(ProjectConfigurationPlatforms) = postSolution
		{E3AFF824-619F-4450-8B6F-9CF32AA8CE91}.Debug|Any CPU.ActiveCfg = Debug|x86
		{E3AFF824-619F-4450-8B6F-9CF32AA8CE91}.Debug|ARM.ActiveCfg = Debug|ARM
		{E3AFF824-619F-4450-8B6F-9CF32AA8CE91}.Debug|ARM.Build.0 = Debug|ARM
		{E3AFF824-619F-4450-8B6F-9CF32AA8CE91}.Debug|ARM.Deploy.0 = Debug|ARM
		{E3AFF824-619F-4450-8B6F-9CF32AA8CE91}.Debug|x64.ActiveCfg = Debug|x64
		{E3AFF824-619F-4450-8B6F-9CF32AA8CE91}.Debug|x64.Build.0 = Debug|x64
		{E3AFF824-619F-4450-8B6F-9CF32AA8CE91}.Debug|x64.Deploy.0 = Debug|x64
		{E3AFF824-619F-4450-8B6F-9CF32AA8CE91}.Debug|x86.ActiveCfg = Debug|x86
		{E3AFF824-619F-4450-8B6F-9CF32AA8CE91}.Debug|x86.Build.0 = Debug|x86
		{E3AFF824-619F-4450-8B6F-9CF32AA8CE91}.Debug|x86.Deploy.0 = Debug|x86
		{E3AFF824-619F-4450-8B6F-9CF32AA8CE91}.DebugBundle|Any CPU.ActiveCfg = DebugBundle|x86
		{E3AFF824-619F-4450-8B6F-9CF32AA8CE91}.DebugBundle|ARM.ActiveCfg = DebugBundle|ARM
		{E3AFF824-619F-4450-8B6F-9CF32AA8CE91}.DebugBundle|ARM.Build.0 = DebugBundle|ARM
		{E3AFF824-619F-4450-8B6F-9CF32AA8CE91}.DebugBundle|ARM.Deploy.0 = DebugBundle|ARM
		{E3AFF824-619F-4450-8B6F-9CF32AA8CE91}.DebugBundle|x64.ActiveCfg = DebugBundle|x64
		{E3AFF824-619F-4450-8B6F-9CF32AA8CE91}.DebugBundle|x64.Build.0 = DebugBundle|x64
		{E3AFF824-619F-4450-8B6F-9CF32AA8CE91}.DebugBundle|x64.Deploy.0 = DebugBundle|x64
		{E3AFF824-619F-4450-8B6F-9CF32AA8CE91}.DebugBundle|x86.ActiveCfg = DebugBundle|x86
		{E3AFF824-619F-4450-8B6F-9CF32AA8CE91}.DebugBundle|x86.Build.0 = DebugBundle|x86
		{E3AFF824-619F-4450-8B6F-9CF32AA8CE91}.DebugBundle|x86.Deploy.0 = DebugBundle|x86
		{E3AFF824-619F-4450-8B6F-9CF32AA8CE91}.Release|Any CPU.ActiveCfg = Release|x86
		{E3AFF824-619F-4450-8B6F-9CF32AA8CE91}.Release|ARM.ActiveCfg = Release|ARM
		{E3AFF824-619F-4450-8B6F-9CF32AA8CE91}.Release|ARM.Build.0 = Release|ARM
		{E3AFF824-619F-4450-8B6F-9CF32AA8CE91}.Release|ARM.Deploy.0 = Release|ARM
		{E3AFF824-619F-4450-8B6F-9CF32AA8CE91}.Release|x64.ActiveCfg = Release|x64
		{E3AFF824-619F-4450-8B6F-9CF32AA8CE91}.Release|x64.Build.0 = Release|x64
		{E3AFF824-619F-4450-8B6F-9CF32AA8CE91}.Release|x64.Deploy.0 = Release|x64
		{E3AFF824-619F-4450-8B6F-9CF32AA8CE91}.Release|x86.ActiveCfg = Release|x86
		{E3AFF824-619F-4450-8B6F-9CF32AA8CE91}.Release|x86.Build.0 = Release|x86
		{E3AFF824-619F-4450-8B6F-9CF32AA8CE91}.Release|x86.Deploy.0 = Release|x86
		{E3AFF824-619F-4450-8B6F-9CF32AA8CE91}.ReleaseBundle|Any CPU.ActiveCfg = ReleaseBundle|x86
		{E3AFF824-619F-4450-8B6F-9CF32AA8CE91}.ReleaseBundle|ARM.ActiveCfg = ReleaseBundle|ARM
		{E3AFF824-619F-4450-8B6F-9CF32AA8CE91}.ReleaseBundle|ARM.Build.0 = ReleaseBundle|ARM
		{E3AFF824-619F-4450-8B6F-9CF32AA8CE91}.ReleaseBundle|ARM.Deploy.0 = ReleaseBundle|ARM
		{E3AFF824-619F-4450-8B6F-9CF32AA8CE91}.ReleaseBundle|x64.ActiveCfg = ReleaseBundle|x64
		{E3AFF824-619F-4450-8B6F-9CF32AA8CE91}.ReleaseBundle|x64.Build.0 = ReleaseBundle|x64
		{E3AFF824-619F-4450-8B6F-9CF32AA8CE91}.ReleaseBundle|x64.Deploy.0 = ReleaseBundle|x64
		{E3AFF824-619F-4450-8B6F-9CF32AA8CE91}.ReleaseBundle|x86.ActiveCfg = ReleaseBundle|x86
		{E3AFF824-619F-4450-8B6F-9CF32AA8CE91}.ReleaseBundle|x86.Build.0 = ReleaseBundle|x86
		{E3AFF824-619F-4450-8B6F-9CF32AA8CE91}.ReleaseBundle|x86.Deploy.0 = ReleaseBundle|x86
		{C7673AD5-E3AA-468C-A5FD-FA38154E205C}.Debug|Any CPU.ActiveCfg = Debug|Any CPU
		{C7673AD5-E3AA-468C-A5FD-FA38154E205C}.Debug|Any CPU.Build.0 = Debug|Any CPU
		{C7673AD5-E3AA-468C-A5FD-FA38154E205C}.Debug|ARM.ActiveCfg = Debug|ARM
		{C7673AD5-E3AA-468C-A5FD-FA38154E205C}.Debug|ARM.Build.0 = Debug|ARM
		{C7673AD5-E3AA-468C-A5FD-FA38154E205C}.Debug|x64.ActiveCfg = Debug|x64
		{C7673AD5-E3AA-468C-A5FD-FA38154E205C}.Debug|x64.Build.0 = Debug|x64
		{C7673AD5-E3AA-468C-A5FD-FA38154E205C}.Debug|x86.ActiveCfg = Debug|x86
		{C7673AD5-E3AA-468C-A5FD-FA38154E205C}.Debug|x86.Build.0 = Debug|x86
		{C7673AD5-E3AA-468C-A5FD-FA38154E205C}.DebugBundle|Any CPU.ActiveCfg = Debug|Any CPU
		{C7673AD5-E3AA-468C-A5FD-FA38154E205C}.DebugBundle|Any CPU.Build.0 = Debug|Any CPU
		{C7673AD5-E3AA-468C-A5FD-FA38154E205C}.DebugBundle|ARM.ActiveCfg = Debug|ARM
		{C7673AD5-E3AA-468C-A5FD-FA38154E205C}.DebugBundle|ARM.Build.0 = Debug|ARM
		{C7673AD5-E3AA-468C-A5FD-FA38154E205C}.DebugBundle|x64.ActiveCfg = Debug|x64
		{C7673AD5-E3AA-468C-A5FD-FA38154E205C}.DebugBundle|x64.Build.0 = Debug|x64
		{C7673AD5-E3AA-468C-A5FD-FA38154E205C}.DebugBundle|x86.ActiveCfg = Debug|x86
		{C7673AD5-E3AA-468C-A5FD-FA38154E205C}.DebugBundle|x86.Build.0 = Debug|x86
		{C7673AD5-E3AA-468C-A5FD-FA38154E205C}.Release|Any CPU.ActiveCfg = Release|Any CPU
		{C7673AD5-E3AA-468C-A5FD-FA38154E205C}.Release|Any CPU.Build.0 = Release|Any CPU
		{C7673AD5-E3AA-468C-A5FD-FA38154E205C}.Release|ARM.ActiveCfg = Release|ARM
		{C7673AD5-E3AA-468C-A5FD-FA38154E205C}.Release|ARM.Build.0 = Release|ARM
		{C7673AD5-E3AA-468C-A5FD-FA38154E205C}.Release|x64.ActiveCfg = Release|x64
		{C7673AD5-E3AA-468C-A5FD-FA38154E205C}.Release|x64.Build.0 = Release|x64
		{C7673AD5-E3AA-468C-A5FD-FA38154E205C}.Release|x86.ActiveCfg = Release|x86
		{C7673AD5-E3AA-468C-A5FD-FA38154E205C}.Release|x86.Build.0 = Release|x86
		{C7673AD5-E3AA-468C-A5FD-FA38154E205C}.ReleaseBundle|Any CPU.ActiveCfg = Release|Any CPU
		{C7673AD5-E3AA-468C-A5FD-FA38154E205C}.ReleaseBundle|Any CPU.Build.0 = Release|Any CPU
		{C7673AD5-E3AA-468C-A5FD-FA38154E205C}.ReleaseBundle|ARM.ActiveCfg = Release|ARM
		{C7673AD5-E3AA-468C-A5FD-FA38154E205C}.ReleaseBundle|ARM.Build.0 = Release|ARM
		{C7673AD5-E3AA-468C-A5FD-FA38154E205C}.ReleaseBundle|x64.ActiveCfg = Release|x64
		{C7673AD5-E3AA-468C-A5FD-FA38154E205C}.ReleaseBundle|x64.Build.0 = Release|x64
		{C7673AD5-E3AA-468C-A5FD-FA38154E205C}.ReleaseBundle|x86.ActiveCfg = Release|x86
		{C7673AD5-E3AA-468C-A5FD-FA38154E205C}.ReleaseBundle|x86.Build.0 = Release|x86
		{CAF1766B-723A-4655-BCF7-DB2E75F27013}.Debug|Any CPU.ActiveCfg = Debug|Any CPU
		{CAF1766B-723A-4655-BCF7-DB2E75F27013}.Debug|Any CPU.Build.0 = Debug|Any CPU
		{CAF1766B-723A-4655-BCF7-DB2E75F27013}.Debug|ARM.ActiveCfg = Debug|ARM
		{CAF1766B-723A-4655-BCF7-DB2E75F27013}.Debug|ARM.Build.0 = Debug|ARM
		{CAF1766B-723A-4655-BCF7-DB2E75F27013}.Debug|x64.ActiveCfg = Debug|x64
		{CAF1766B-723A-4655-BCF7-DB2E75F27013}.Debug|x64.Build.0 = Debug|x64
		{CAF1766B-723A-4655-BCF7-DB2E75F27013}.Debug|x86.ActiveCfg = Debug|x86
		{CAF1766B-723A-4655-BCF7-DB2E75F27013}.Debug|x86.Build.0 = Debug|x86
		{CAF1766B-723A-4655-BCF7-DB2E75F27013}.DebugBundle|Any CPU.ActiveCfg = Debug|Any CPU
		{CAF1766B-723A-4655-BCF7-DB2E75F27013}.DebugBundle|Any CPU.Build.0 = Debug|Any CPU
		{CAF1766B-723A-4655-BCF7-DB2E75F27013}.DebugBundle|ARM.ActiveCfg = Debug|ARM
		{CAF1766B-723A-4655-BCF7-DB2E75F27013}.DebugBundle|ARM.Build.0 = Debug|ARM
		{CAF1766B-723A-4655-BCF7-DB2E75F27013}.DebugBundle|x64.ActiveCfg = Debug|x64
		{CAF1766B-723A-4655-BCF7-DB2E75F27013}.DebugBundle|x64.Build.0 = Debug|x64
		{CAF1766B-723A-4655-BCF7-DB2E75F27013}.DebugBundle|x86.ActiveCfg = Debug|x86
		{CAF1766B-723A-4655-BCF7-DB2E75F27013}.DebugBundle|x86.Build.0 = Debug|x86
		{CAF1766B-723A-4655-BCF7-DB2E75F27013}.Release|Any CPU.ActiveCfg = Release|Any CPU
		{CAF1766B-723A-4655-BCF7-DB2E75F27013}.Release|Any CPU.Build.0 = Release|Any CPU
		{CAF1766B-723A-4655-BCF7-DB2E75F27013}.Release|ARM.ActiveCfg = Release|ARM
		{CAF1766B-723A-4655-BCF7-DB2E75F27013}.Release|ARM.Build.0 = Release|ARM
		{CAF1766B-723A-4655-BCF7-DB2E75F27013}.Release|x64.ActiveCfg = Release|x64
		{CAF1766B-723A-4655-BCF7-DB2E75F27013}.Release|x64.Build.0 = Release|x64
		{CAF1766B-723A-4655-BCF7-DB2E75F27013}.Release|x86.ActiveCfg = Release|x86
		{CAF1766B-723A-4655-BCF7-DB2E75F27013}.Release|x86.Build.0 = Release|x86
		{CAF1766B-723A-4655-BCF7-DB2E75F27013}.ReleaseBundle|Any CPU.ActiveCfg = Release|Any CPU
		{CAF1766B-723A-4655-BCF7-DB2E75F27013}.ReleaseBundle|Any CPU.Build.0 = Release|Any CPU
		{CAF1766B-723A-4655-BCF7-DB2E75F27013}.ReleaseBundle|ARM.ActiveCfg = Release|ARM
		{CAF1766B-723A-4655-BCF7-DB2E75F27013}.ReleaseBundle|ARM.Build.0 = Release|ARM
		{CAF1766B-723A-4655-BCF7-DB2E75F27013}.ReleaseBundle|x64.ActiveCfg = Release|x64
		{CAF1766B-723A-4655-BCF7-DB2E75F27013}.ReleaseBundle|x64.Build.0 = Release|x64
		{CAF1766B-723A-4655-BCF7-DB2E75F27013}.ReleaseBundle|x86.ActiveCfg = Release|x86
		{CAF1766B-723A-4655-BCF7-DB2E75F27013}.ReleaseBundle|x86.Build.0 = Release|x86
		{4B72C796-16D5-4E3A-81C0-3E36F531E578}.Debug|Any CPU.ActiveCfg = Debug|Win32
		{4B72C796-16D5-4E3A-81C0-3E36F531E578}.Debug|ARM.ActiveCfg = Debug|ARM
		{4B72C796-16D5-4E3A-81C0-3E36F531E578}.Debug|ARM.Build.0 = Debug|ARM
		{4B72C796-16D5-4E3A-81C0-3E36F531E578}.Debug|x64.ActiveCfg = Debug|x64
		{4B72C796-16D5-4E3A-81C0-3E36F531E578}.Debug|x64.Build.0 = Debug|x64
		{4B72C796-16D5-4E3A-81C0-3E36F531E578}.Debug|x86.ActiveCfg = Debug|Win32
		{4B72C796-16D5-4E3A-81C0-3E36F531E578}.Debug|x86.Build.0 = Debug|Win32
		{4B72C796-16D5-4E3A-81C0-3E36F531E578}.DebugBundle|Any CPU.ActiveCfg = Release|x64
		{4B72C796-16D5-4E3A-81C0-3E36F531E578}.DebugBundle|Any CPU.Build.0 = Release|x64
		{4B72C796-16D5-4E3A-81C0-3E36F531E578}.DebugBundle|ARM.ActiveCfg = Debug|ARM
		{4B72C796-16D5-4E3A-81C0-3E36F531E578}.DebugBundle|ARM.Build.0 = Debug|ARM
		{4B72C796-16D5-4E3A-81C0-3E36F531E578}.DebugBundle|x64.ActiveCfg = Debug|x64
		{4B72C796-16D5-4E3A-81C0-3E36F531E578}.DebugBundle|x64.Build.0 = Debug|x64
		{4B72C796-16D5-4E3A-81C0-3E36F531E578}.DebugBundle|x86.ActiveCfg = Debug|Win32
		{4B72C796-16D5-4E3A-81C0-3E36F531E578}.DebugBundle|x86.Build.0 = Debug|Win32
		{4B72C796-16D5-4E3A-81C0-3E36F531E578}.Release|Any CPU.ActiveCfg = Release|Win32
		{4B72C796-16D5-4E3A-81C0-3E36F531E578}.Release|ARM.ActiveCfg = Release|ARM
		{4B72C796-16D5-4E3A-81C0-3E36F531E578}.Release|ARM.Build.0 = Release|ARM
		{4B72C796-16D5-4E3A-81C0-3E36F531E578}.Release|x64.ActiveCfg = Release|x64
		{4B72C796-16D5-4E3A-81C0-3E36F531E578}.Release|x64.Build.0 = Release|x64
		{4B72C796-16D5-4E3A-81C0-3E36F531E578}.Release|x86.ActiveCfg = Release|Win32
		{4B72C796-16D5-4E3A-81C0-3E36F531E578}.Release|x86.Build.0 = Release|Win32
		{4B72C796-16D5-4E3A-81C0-3E36F531E578}.ReleaseBundle|Any CPU.ActiveCfg = Release|x64
		{4B72C796-16D5-4E3A-81C0-3E36F531E578}.ReleaseBundle|Any CPU.Build.0 = Release|x64
		{4B72C796-16D5-4E3A-81C0-3E36F531E578}.ReleaseBundle|ARM.ActiveCfg = Release|ARM
		{4B72C796-16D5-4E3A-81C0-3E36F531E578}.ReleaseBundle|ARM.Build.0 = Release|ARM
		{4B72C796-16D5-4E3A-81C0-3E36F531E578}.ReleaseBundle|x64.ActiveCfg = Release|x64
		{4B72C796-16D5-4E3A-81C0-3E36F531E578}.ReleaseBundle|x64.Build.0 = Release|x64
		{4B72C796-16D5-4E3A-81C0-3E36F531E578}.ReleaseBundle|x86.ActiveCfg = Release|Win32
		{4B72C796-16D5-4E3A-81C0-3E36F531E578}.ReleaseBundle|x86.Build.0 = Release|Win32
		{6DB0375B-B2F3-49AC-AD77-4A97AC418394}.Debug|Any CPU.ActiveCfg = Debug|Any CPU
		{6DB0375B-B2F3-49AC-AD77-4A97AC418394}.Debug|Any CPU.Build.0 = Debug|Any CPU
		{6DB0375B-B2F3-49AC-AD77-4A97AC418394}.Debug|ARM.ActiveCfg = Debug|ARM
		{6DB0375B-B2F3-49AC-AD77-4A97AC418394}.Debug|ARM.Build.0 = Debug|ARM
		{6DB0375B-B2F3-49AC-AD77-4A97AC418394}.Debug|x64.ActiveCfg = Debug|x64
		{6DB0375B-B2F3-49AC-AD77-4A97AC418394}.Debug|x64.Build.0 = Debug|x64
		{6DB0375B-B2F3-49AC-AD77-4A97AC418394}.Debug|x86.ActiveCfg = Debug|x86
		{6DB0375B-B2F3-49AC-AD77-4A97AC418394}.Debug|x86.Build.0 = Debug|x86
		{6DB0375B-B2F3-49AC-AD77-4A97AC418394}.DebugBundle|Any CPU.ActiveCfg = Debug|Any CPU
		{6DB0375B-B2F3-49AC-AD77-4A97AC418394}.DebugBundle|Any CPU.Build.0 = Debug|Any CPU
		{6DB0375B-B2F3-49AC-AD77-4A97AC418394}.DebugBundle|ARM.ActiveCfg = Debug|ARM
		{6DB0375B-B2F3-49AC-AD77-4A97AC418394}.DebugBundle|ARM.Build.0 = Debug|ARM
		{6DB0375B-B2F3-49AC-AD77-4A97AC418394}.DebugBundle|x64.ActiveCfg = Debug|x64
		{6DB0375B-B2F3-49AC-AD77-4A97AC418394}.DebugBundle|x64.Build.0 = Debug|x64
		{6DB0375B-B2F3-49AC-AD77-4A97AC418394}.DebugBundle|x86.ActiveCfg = Debug|x86
		{6DB0375B-B2F3-49AC-AD77-4A97AC418394}.DebugBundle|x86.Build.0 = Debug|x86
		{6DB0375B-B2F3-49AC-AD77-4A97AC418394}.Release|Any CPU.ActiveCfg = Release|Any CPU
		{6DB0375B-B2F3-49AC-AD77-4A97AC418394}.Release|Any CPU.Build.0 = Release|Any CPU
		{6DB0375B-B2F3-49AC-AD77-4A97AC418394}.Release|ARM.ActiveCfg = Release|ARM
		{6DB0375B-B2F3-49AC-AD77-4A97AC418394}.Release|ARM.Build.0 = Release|ARM
		{6DB0375B-B2F3-49AC-AD77-4A97AC418394}.Release|x64.ActiveCfg = Release|x64
		{6DB0375B-B2F3-49AC-AD77-4A97AC418394}.Release|x64.Build.0 = Release|x64
		{6DB0375B-B2F3-49AC-AD77-4A97AC418394}.Release|x86.ActiveCfg = Release|x86
		{6DB0375B-B2F3-49AC-AD77-4A97AC418394}.Release|x86.Build.0 = Release|x86
		{6DB0375B-B2F3-49AC-AD77-4A97AC418394}.ReleaseBundle|Any CPU.ActiveCfg = Release|Any CPU
		{6DB0375B-B2F3-49AC-AD77-4A97AC418394}.ReleaseBundle|Any CPU.Build.0 = Release|Any CPU
		{6DB0375B-B2F3-49AC-AD77-4A97AC418394}.ReleaseBundle|ARM.ActiveCfg = Release|ARM
		{6DB0375B-B2F3-49AC-AD77-4A97AC418394}.ReleaseBundle|ARM.Build.0 = Release|ARM
		{6DB0375B-B2F3-49AC-AD77-4A97AC418394}.ReleaseBundle|x64.ActiveCfg = Release|x64
		{6DB0375B-B2F3-49AC-AD77-4A97AC418394}.ReleaseBundle|x64.Build.0 = Release|x64
		{6DB0375B-B2F3-49AC-AD77-4A97AC418394}.ReleaseBundle|x86.ActiveCfg = Release|x86
		{6DB0375B-B2F3-49AC-AD77-4A97AC418394}.ReleaseBundle|x86.Build.0 = Release|x86
		{93A98120-470F-471C-A58F-29CB18576E80}.Debug|Any CPU.ActiveCfg = Debug|Any CPU
		{93A98120-470F-471C-A58F-29CB18576E80}.Debug|Any CPU.Build.0 = Debug|Any CPU
		{93A98120-470F-471C-A58F-29CB18576E80}.Debug|ARM.ActiveCfg = Debug|ARM
		{93A98120-470F-471C-A58F-29CB18576E80}.Debug|ARM.Build.0 = Debug|ARM
		{93A98120-470F-471C-A58F-29CB18576E80}.Debug|x64.ActiveCfg = Debug|x64
		{93A98120-470F-471C-A58F-29CB18576E80}.Debug|x64.Build.0 = Debug|x64
		{93A98120-470F-471C-A58F-29CB18576E80}.Debug|x86.ActiveCfg = Debug|x86
		{93A98120-470F-471C-A58F-29CB18576E80}.Debug|x86.Build.0 = Debug|x86
		{93A98120-470F-471C-A58F-29CB18576E80}.DebugBundle|Any CPU.ActiveCfg = Debug|Any CPU
		{93A98120-470F-471C-A58F-29CB18576E80}.DebugBundle|Any CPU.Build.0 = Debug|Any CPU
		{93A98120-470F-471C-A58F-29CB18576E80}.DebugBundle|ARM.ActiveCfg = Debug|ARM
		{93A98120-470F-471C-A58F-29CB18576E80}.DebugBundle|ARM.Build.0 = Debug|ARM
		{93A98120-470F-471C-A58F-29CB18576E80}.DebugBundle|x64.ActiveCfg = Debug|x64
		{93A98120-470F-471C-A58F-29CB18576E80}.DebugBundle|x64.Build.0 = Debug|x64
		{93A98120-470F-471C-A58F-29CB18576E80}.DebugBundle|x86.ActiveCfg = Debug|x86
		{93A98120-470F-471C-A58F-29CB18576E80}.DebugBundle|x86.Build.0 = Debug|x86
		{93A98120-470F-471C-A58F-29CB18576E80}.Release|Any CPU.ActiveCfg = Release|Any CPU
		{93A98120-470F-471C-A58F-29CB18576E80}.Release|Any CPU.Build.0 = Release|Any CPU
		{93A98120-470F-471C-A58F-29CB18576E80}.Release|ARM.ActiveCfg = Release|ARM
		{93A98120-470F-471C-A58F-29CB18576E80}.Release|ARM.Build.0 = Release|ARM
		{93A98120-470F-471C-A58F-29CB18576E80}.Release|x64.ActiveCfg = Release|x64
		{93A98120-470F-471C-A58F-29CB18576E80}.Release|x64.Build.0 = Release|x64
		{93A98120-470F-471C-A58F-29CB18576E80}.Release|x86.ActiveCfg = Release|x86
		{93A98120-470F-471C-A58F-29CB18576E80}.Release|x86.Build.0 = Release|x86
		{93A98120-470F-471C-A58F-29CB18576E80}.ReleaseBundle|Any CPU.ActiveCfg = Release|Any CPU
		{93A98120-470F-471C-A58F-29CB18576E80}.ReleaseBundle|Any CPU.Build.0 = Release|Any CPU
		{93A98120-470F-471C-A58F-29CB18576E80}.ReleaseBundle|ARM.ActiveCfg = Release|ARM
		{93A98120-470F-471C-A58F-29CB18576E80}.ReleaseBundle|ARM.Build.0 = Release|ARM
		{93A98120-470F-471C-A58F-29CB18576E80}.ReleaseBundle|x64.ActiveCfg = Release|x64
		{93A98120-470F-471C-A58F-29CB18576E80}.ReleaseBundle|x64.Build.0 = Release|x64
		{93A98120-470F-471C-A58F-29CB18576E80}.ReleaseBundle|x86.ActiveCfg = Release|x86
		{93A98120-470F-471C-A58F-29CB18576E80}.ReleaseBundle|x86.Build.0 = Release|x86
		{0D0DB09E-DE14-41E8-AB75-333224E82FCE}.Debug|Any CPU.ActiveCfg = Debug|Any CPU
		{0D0DB09E-DE14-41E8-AB75-333224E82FCE}.Debug|Any CPU.Build.0 = Debug|Any CPU
		{0D0DB09E-DE14-41E8-AB75-333224E82FCE}.Debug|ARM.ActiveCfg = Debug|ARM
		{0D0DB09E-DE14-41E8-AB75-333224E82FCE}.Debug|ARM.Build.0 = Debug|ARM
		{0D0DB09E-DE14-41E8-AB75-333224E82FCE}.Debug|x64.ActiveCfg = Debug|x64
		{0D0DB09E-DE14-41E8-AB75-333224E82FCE}.Debug|x64.Build.0 = Debug|x64
		{0D0DB09E-DE14-41E8-AB75-333224E82FCE}.Debug|x86.ActiveCfg = Debug|x86
		{0D0DB09E-DE14-41E8-AB75-333224E82FCE}.Debug|x86.Build.0 = Debug|x86
		{0D0DB09E-DE14-41E8-AB75-333224E82FCE}.DebugBundle|Any CPU.ActiveCfg = Debug|Any CPU
		{0D0DB09E-DE14-41E8-AB75-333224E82FCE}.DebugBundle|Any CPU.Build.0 = Debug|Any CPU
		{0D0DB09E-DE14-41E8-AB75-333224E82FCE}.DebugBundle|ARM.ActiveCfg = Debug|ARM
		{0D0DB09E-DE14-41E8-AB75-333224E82FCE}.DebugBundle|ARM.Build.0 = Debug|ARM
		{0D0DB09E-DE14-41E8-AB75-333224E82FCE}.DebugBundle|x64.ActiveCfg = Debug|x64
		{0D0DB09E-DE14-41E8-AB75-333224E82FCE}.DebugBundle|x64.Build.0 = Debug|x64
		{0D0DB09E-DE14-41E8-AB75-333224E82FCE}.DebugBundle|x86.ActiveCfg = Debug|x86
		{0D0DB09E-DE14-41E8-AB75-333224E82FCE}.DebugBundle|x86.Build.0 = Debug|x86
		{0D0DB09E-DE14-41E8-AB75-333224E82FCE}.Release|Any CPU.ActiveCfg = Release|Any CPU
		{0D0DB09E-DE14-41E8-AB75-333224E82FCE}.Release|Any CPU.Build.0 = Release|Any CPU
		{0D0DB09E-DE14-41E8-AB75-333224E82FCE}.Release|ARM.ActiveCfg = Release|ARM
		{0D0DB09E-DE14-41E8-AB75-333224E82FCE}.Release|ARM.Build.0 = Release|ARM
		{0D0DB09E-DE14-41E8-AB75-333224E82FCE}.Release|x64.ActiveCfg = Release|x64
		{0D0DB09E-DE14-41E8-AB75-333224E82FCE}.Release|x64.Build.0 = Release|x64
		{0D0DB09E-DE14-41E8-AB75-333224E82FCE}.Release|x86.ActiveCfg = Release|x86
		{0D0DB09E-DE14-41E8-AB75-333224E82FCE}.Release|x86.Build.0 = Release|x86
		{0D0DB09E-DE14-41E8-AB75-333224E82FCE}.ReleaseBundle|Any CPU.ActiveCfg = Release|Any CPU
		{0D0DB09E-DE14-41E8-AB75-333224E82FCE}.ReleaseBundle|Any CPU.Build.0 = Release|Any CPU
		{0D0DB09E-DE14-41E8-AB75-333224E82FCE}.ReleaseBundle|ARM.ActiveCfg = Release|ARM
		{0D0DB09E-DE14-41E8-AB75-333224E82FCE}.ReleaseBundle|ARM.Build.0 = Release|ARM
		{0D0DB09E-DE14-41E8-AB75-333224E82FCE}.ReleaseBundle|x64.ActiveCfg = Release|x64
		{0D0DB09E-DE14-41E8-AB75-333224E82FCE}.ReleaseBundle|x64.Build.0 = Release|x64
		{0D0DB09E-DE14-41E8-AB75-333224E82FCE}.ReleaseBundle|x86.ActiveCfg = Release|x86
		{0D0DB09E-DE14-41E8-AB75-333224E82FCE}.ReleaseBundle|x86.Build.0 = Release|x86
		{B509705B-1F4E-4526-B0A7-A34393192591}.Debug|Any CPU.ActiveCfg = Debug|Any CPU
		{B509705B-1F4E-4526-B0A7-A34393192591}.Debug|Any CPU.Build.0 = Debug|Any CPU
		{B509705B-1F4E-4526-B0A7-A34393192591}.Debug|ARM.ActiveCfg = Debug|ARM
		{B509705B-1F4E-4526-B0A7-A34393192591}.Debug|ARM.Build.0 = Debug|ARM
		{B509705B-1F4E-4526-B0A7-A34393192591}.Debug|x64.ActiveCfg = Debug|x64
		{B509705B-1F4E-4526-B0A7-A34393192591}.Debug|x64.Build.0 = Debug|x64
		{B509705B-1F4E-4526-B0A7-A34393192591}.Debug|x86.ActiveCfg = Debug|x86
		{B509705B-1F4E-4526-B0A7-A34393192591}.Debug|x86.Build.0 = Debug|x86
		{B509705B-1F4E-4526-B0A7-A34393192591}.DebugBundle|Any CPU.ActiveCfg = Debug|Any CPU
		{B509705B-1F4E-4526-B0A7-A34393192591}.DebugBundle|Any CPU.Build.0 = Debug|Any CPU
		{B509705B-1F4E-4526-B0A7-A34393192591}.DebugBundle|ARM.ActiveCfg = Debug|ARM
		{B509705B-1F4E-4526-B0A7-A34393192591}.DebugBundle|ARM.Build.0 = Debug|ARM
		{B509705B-1F4E-4526-B0A7-A34393192591}.DebugBundle|x64.ActiveCfg = Debug|x64
		{B509705B-1F4E-4526-B0A7-A34393192591}.DebugBundle|x64.Build.0 = Debug|x64
		{B509705B-1F4E-4526-B0A7-A34393192591}.DebugBundle|x86.ActiveCfg = Debug|x86
		{B509705B-1F4E-4526-B0A7-A34393192591}.DebugBundle|x86.Build.0 = Debug|x86
		{B509705B-1F4E-4526-B0A7-A34393192591}.Release|Any CPU.ActiveCfg = Release|Any CPU
		{B509705B-1F4E-4526-B0A7-A34393192591}.Release|Any CPU.Build.0 = Release|Any CPU
		{B509705B-1F4E-4526-B0A7-A34393192591}.Release|ARM.ActiveCfg = Release|ARM
		{B509705B-1F4E-4526-B0A7-A34393192591}.Release|ARM.Build.0 = Release|ARM
		{B509705B-1F4E-4526-B0A7-A34393192591}.Release|x64.ActiveCfg = Release|x64
		{B509705B-1F4E-4526-B0A7-A34393192591}.Release|x64.Build.0 = Release|x64
		{B509705B-1F4E-4526-B0A7-A34393192591}.Release|x86.ActiveCfg = Release|x86
		{B509705B-1F4E-4526-B0A7-A34393192591}.Release|x86.Build.0 = Release|x86
		{B509705B-1F4E-4526-B0A7-A34393192591}.ReleaseBundle|Any CPU.ActiveCfg = Release|Any CPU
		{B509705B-1F4E-4526-B0A7-A34393192591}.ReleaseBundle|Any CPU.Build.0 = Release|Any CPU
		{B509705B-1F4E-4526-B0A7-A34393192591}.ReleaseBundle|ARM.ActiveCfg = Release|ARM
		{B509705B-1F4E-4526-B0A7-A34393192591}.ReleaseBundle|ARM.Build.0 = Release|ARM
		{B509705B-1F4E-4526-B0A7-A34393192591}.ReleaseBundle|x64.ActiveCfg = Release|x64
		{B509705B-1F4E-4526-B0A7-A34393192591}.ReleaseBundle|x64.Build.0 = Release|x64
		{B509705B-1F4E-4526-B0A7-A34393192591}.ReleaseBundle|x86.ActiveCfg = Release|x86
		{B509705B-1F4E-4526-B0A7-A34393192591}.ReleaseBundle|x86.Build.0 = Release|x86
	EndGlobalSection
	GlobalSection(SolutionProperties) = preSolution
		HideSolutionNode = FALSE
	EndGlobalSection
EndGlobal
